Microsoft Visual Studio Solution File, Format Version 12.00
# Visual Studio 2013
VisualStudioVersion = 12.0.30723.0
MinimumVisualStudioVersion = 10.0.40219.1
Project("{8BC9CEB8-8B4A-11D0-8D11-00A0C91BC942}") = "common", "..\common\common.vcxproj", "{73C0A65B-D1F2-4DE1-B3A6-15DAD2C23F3D}"
EndProject
Project("{8BC9CEB8-8B4A-11D0-8D11-00A0C91BC942}") = "ctestfw", "..\tools\ctestfw\ctestfw.vcxproj", "{ECA6B435-B4FA-4F9F-BF95-F451D078FC47}"
EndProject
Project("{8BC9CEB8-8B4A-11D0-8D11-00A0C91BC942}") = "i18n", "..\i18n\i18n.vcxproj", "{0178B127-6269-407D-B112-93877BB62776}"
EndProject
Project("{8BC9CEB8-8B4A-11D0-8D11-00A0C91BC942}") = "layout", "..\layout\layout.vcxproj", "{C920062A-0647-4553-A3B2-37C58065664B}"
EndProject
Project("{8BC9CEB8-8B4A-11D0-8D11-00A0C91BC942}") = "layoutex", "..\layoutex\layoutex.vcxproj", "{37FC2C7F-1904-4811-8955-2F478830EAD1}"
EndProject
Project("{8BC9CEB8-8B4A-11D0-8D11-00A0C91BC942}") = "makedata", "..\data\makedata.vcxproj", "{D9DF7F2F-93B7-4810-B5CD-96F4F33C079B}"
EndProject
Project("{8BC9CEB8-8B4A-11D0-8D11-00A0C91BC942}") = "stubdata", "..\stubdata\stubdata.vcxproj", "{203EC78A-0531-43F0-A636-285439BDE025}"
EndProject
Project("{8BC9CEB8-8B4A-11D0-8D11-00A0C91BC942}") = "toolutil", "..\tools\toolutil\toolutil.vcxproj", "{6B231032-3CB5-4EED-9210-810D666A23A0}"
EndProject
Project("{8BC9CEB8-8B4A-11D0-8D11-00A0C91BC942}") = "io", "..\io\io.vcxproj", "{C2B04507-2521-4801-BF0D-5FD79D6D518C}"
EndProject
Project("{8BC9CEB8-8B4A-11D0-8D11-00A0C91BC942}") = "testplug", "..\tools\icuinfo\testplug.vcxproj", "{659D0C08-D4ED-4BF3-B02B-2D8D4B5A7A7A}"
EndProject
Global
	GlobalSection(SolutionConfigurationPlatforms) = preSolution
		Debug|Win32 = Debug|Win32
		Debug|x64 = Debug|x64
		Release|Win32 = Release|Win32
		Release|x64 = Release|x64
	EndGlobalSection
	GlobalSection(ProjectConfigurationPlatforms) = postSolution
		{73C0A65B-D1F2-4DE1-B3A6-15DAD2C23F3D}.Debug|Win32.ActiveCfg = Debug|Win32
		{73C0A65B-D1F2-4DE1-B3A6-15DAD2C23F3D}.Debug|Win32.Build.0 = Debug|Win32
		{73C0A65B-D1F2-4DE1-B3A6-15DAD2C23F3D}.Debug|x64.ActiveCfg = Debug|x64
		{73C0A65B-D1F2-4DE1-B3A6-15DAD2C23F3D}.Debug|x64.Build.0 = Debug|x64
		{73C0A65B-D1F2-4DE1-B3A6-15DAD2C23F3D}.Release|Win32.ActiveCfg = Release|Win32
		{73C0A65B-D1F2-4DE1-B3A6-15DAD2C23F3D}.Release|Win32.Build.0 = Release|Win32
		{73C0A65B-D1F2-4DE1-B3A6-15DAD2C23F3D}.Release|x64.ActiveCfg = Release|x64
		{73C0A65B-D1F2-4DE1-B3A6-15DAD2C23F3D}.Release|x64.Build.0 = Release|x64
		{ECA6B435-B4FA-4F9F-BF95-F451D078FC47}.Debug|Win32.ActiveCfg = Debug|Win32
		{ECA6B435-B4FA-4F9F-BF95-F451D078FC47}.Debug|Win32.Build.0 = Debug|Win32
		{ECA6B435-B4FA-4F9F-BF95-F451D078FC47}.Debug|x64.ActiveCfg = Debug|x64
		{ECA6B435-B4FA-4F9F-BF95-F451D078FC47}.Debug|x64.Build.0 = Debug|x64
		{ECA6B435-B4FA-4F9F-BF95-F451D078FC47}.Release|Win32.ActiveCfg = Release|Win32
		{ECA6B435-B4FA-4F9F-BF95-F451D078FC47}.Release|Win32.Build.0 = Release|Win32
		{ECA6B435-B4FA-4F9F-BF95-F451D078FC47}.Release|x64.ActiveCfg = Release|x64
		{ECA6B435-B4FA-4F9F-BF95-F451D078FC47}.Release|x64.Build.0 = Release|x64
		{0178B127-6269-407D-B112-93877BB62776}.Debug|Win32.ActiveCfg = Debug|Win32
		{0178B127-6269-407D-B112-93877BB62776}.Debug|Win32.Build.0 = Debug|Win32
		{0178B127-6269-407D-B112-93877BB62776}.Debug|x64.ActiveCfg = Debug|x64
		{0178B127-6269-407D-B112-93877BB62776}.Debug|x64.Build.0 = Debug|x64
		{0178B127-6269-407D-B112-93877BB62776}.Release|Win32.ActiveCfg = Release|Win32
		{0178B127-6269-407D-B112-93877BB62776}.Release|Win32.Build.0 = Release|Win32
		{0178B127-6269-407D-B112-93877BB62776}.Release|x64.ActiveCfg = Release|x64
		{0178B127-6269-407D-B112-93877BB62776}.Release|x64.Build.0 = Release|x64
		{C920062A-0647-4553-A3B2-37C58065664B}.Debug|Win32.ActiveCfg = Debug|Win32
		{C920062A-0647-4553-A3B2-37C58065664B}.Debug|Win32.Build.0 = Debug|Win32
		{C920062A-0647-4553-A3B2-37C58065664B}.Debug|x64.ActiveCfg = Debug|x64
		{C920062A-0647-4553-A3B2-37C58065664B}.Debug|x64.Build.0 = Debug|x64
		{C920062A-0647-4553-A3B2-37C58065664B}.Release|Win32.ActiveCfg = Release|Win32
		{C920062A-0647-4553-A3B2-37C58065664B}.Release|Win32.Build.0 = Release|Win32
		{C920062A-0647-4553-A3B2-37C58065664B}.Release|x64.ActiveCfg = Release|x64
		{C920062A-0647-4553-A3B2-37C58065664B}.Release|x64.Build.0 = Release|x64
		{37FC2C7F-1904-4811-8955-2F478830EAD1}.Debug|Win32.ActiveCfg = Debug|Win32
		{37FC2C7F-1904-4811-8955-2F478830EAD1}.Debug|Win32.Build.0 = Debug|Win32
		{37FC2C7F-1904-4811-8955-2F478830EAD1}.Debug|x64.ActiveCfg = Debug|x64
		{37FC2C7F-1904-4811-8955-2F478830EAD1}.Debug|x64.Build.0 = Debug|x64
		{37FC2C7F-1904-4811-8955-2F478830EAD1}.Release|Win32.ActiveCfg = Release|Win32
		{37FC2C7F-1904-4811-8955-2F478830EAD1}.Release|Win32.Build.0 = Release|Win32
		{37FC2C7F-1904-4811-8955-2F478830EAD1}.Release|x64.ActiveCfg = Release|x64
		{37FC2C7F-1904-4811-8955-2F478830EAD1}.Release|x64.Build.0 = Release|x64
		{D9DF7F2F-93B7-4810-B5CD-96F4F33C079B}.Debug|Win32.ActiveCfg = Debug|Win32
		{D9DF7F2F-93B7-4810-B5CD-96F4F33C079B}.Debug|Win32.Build.0 = Debug|Win32
		{D9DF7F2F-93B7-4810-B5CD-96F4F33C079B}.Debug|x64.ActiveCfg = Debug|x64
		{D9DF7F2F-93B7-4810-B5CD-96F4F33C079B}.Debug|x64.Build.0 = Debug|x64
		{D9DF7F2F-93B7-4810-B5CD-96F4F33C079B}.Release|Win32.ActiveCfg = Release|Win32
		{D9DF7F2F-93B7-4810-B5CD-96F4F33C079B}.Release|Win32.Build.0 = Release|Win32
		{D9DF7F2F-93B7-4810-B5CD-96F4F33C079B}.Release|x64.ActiveCfg = Release|x64
		{D9DF7F2F-93B7-4810-B5CD-96F4F33C079B}.Release|x64.Build.0 = Release|x64
		{203EC78A-0531-43F0-A636-285439BDE025}.Debug|Win32.ActiveCfg = Debug|Win32
		{203EC78A-0531-43F0-A636-285439BDE025}.Debug|Win32.Build.0 = Debug|Win32
		{203EC78A-0531-43F0-A636-285439BDE025}.Debug|x64.ActiveCfg = Debug|x64
		{203EC78A-0531-43F0-A636-285439BDE025}.Debug|x64.Build.0 = Debug|x64
		{203EC78A-0531-43F0-A636-285439BDE025}.Release|Win32.ActiveCfg = Release|Win32
		{203EC78A-0531-43F0-A636-285439BDE025}.Release|Win32.Build.0 = Release|Win32
		{203EC78A-0531-43F0-A636-285439BDE025}.Release|x64.ActiveCfg = Release|x64
		{203EC78A-0531-43F0-A636-285439BDE025}.Release|x64.Build.0 = Release|x64
		{6B231032-3CB5-4EED-9210-810D666A23A0}.Debug|Win32.ActiveCfg = Debug|Win32
		{6B231032-3CB5-4EED-9210-810D666A23A0}.Debug|Win32.Build.0 = Debug|Win32
		{6B231032-3CB5-4EED-9210-810D666A23A0}.Debug|x64.ActiveCfg = Debug|x64
		{6B231032-3CB5-4EED-9210-810D666A23A0}.Debug|x64.Build.0 = Debug|x64
		{6B231032-3CB5-4EED-9210-810D666A23A0}.Release|Win32.ActiveCfg = Release|Win32
		{6B231032-3CB5-4EED-9210-810D666A23A0}.Release|Win32.Build.0 = Release|Win32
		{6B231032-3CB5-4EED-9210-810D666A23A0}.Release|x64.ActiveCfg = Release|x64
		{6B231032-3CB5-4EED-9210-810D666A23A0}.Release|x64.Build.0 = Release|x64
		{C2B04507-2521-4801-BF0D-5FD79D6D518C}.Debug|Win32.ActiveCfg = Debug|Win32
		{C2B04507-2521-4801-BF0D-5FD79D6D518C}.Debug|Win32.Build.0 = Debug|Win32
		{C2B04507-2521-4801-BF0D-5FD79D6D518C}.Debug|x64.ActiveCfg = Debug|x64
		{C2B04507-2521-4801-BF0D-5FD79D6D518C}.Debug|x64.Build.0 = Debug|x64
		{C2B04507-2521-4801-BF0D-5FD79D6D518C}.Release|Win32.ActiveCfg = Release|Win32
		{C2B04507-2521-4801-BF0D-5FD79D6D518C}.Release|Win32.Build.0 = Release|Win32
		{C2B04507-2521-4801-BF0D-5FD79D6D518C}.Release|x64.ActiveCfg = Release|x64
		{C2B04507-2521-4801-BF0D-5FD79D6D518C}.Release|x64.Build.0 = Release|x64
		{659D0C08-D4ED-4BF3-B02B-2D8D4B5A7A7A}.Debug|Win32.ActiveCfg = Debug|Win32
		{659D0C08-D4ED-4BF3-B02B-2D8D4B5A7A7A}.Debug|Win32.Build.0 = Debug|Win32
		{659D0C08-D4ED-4BF3-B02B-2D8D4B5A7A7A}.Debug|x64.ActiveCfg = Debug|x64
		{659D0C08-D4ED-4BF3-B02B-2D8D4B5A7A7A}.Debug|x64.Build.0 = Debug|x64
		{659D0C08-D4ED-4BF3-B02B-2D8D4B5A7A7A}.Release|Win32.ActiveCfg = Release|Win32
		{659D0C08-D4ED-4BF3-B02B-2D8D4B5A7A7A}.Release|Win32.Build.0 = Release|Win32
		{659D0C08-D4ED-4BF3-B02B-2D8D4B5A7A7A}.Release|x64.ActiveCfg = Release|x64
		{659D0C08-D4ED-4BF3-B02B-2D8D4B5A7A7A}.Release|x64.Build.0 = Release|x64
	EndGlobalSection
	GlobalSection(SolutionProperties) = preSolution
		HideSolutionNode = FALSE
	EndGlobalSection
	GlobalSection(SubversionScc) = preSolution
		Svn-Managed = True
		Manager = AnkhSVN - Subversion Support for Visual Studio
	EndGlobalSection
EndGlobal
